{
  "requires": true,
  "lockfileVersion": 1,
  "dependencies": {
    "minimist": {
      "version": "0.0.8",
      "resolved": "https://registry.npmjs.org/minimist/-/minimist-0.0.8.tgz",
      "integrity": "sha1-hX/Kv8M5fSYluCKCYuhqp6ARsF0="
    },
    "mkdirp": {
      "version": "0.5.1",
      "resolved": "https://registry.npmjs.org/mkdirp/-/mkdirp-0.5.1.tgz",
      "integrity": "sha1-MAV0OOrGz3+MR2fzhkjWaX11yQM=",
      "requires": {
        "minimist": "0.0.8"
      }
    },
    "properties-reader": {
      "version": "0.3.1",
      "resolved": "https://registry.npmjs.org/properties-reader/-/properties-reader-0.3.1.tgz",
      "integrity": "sha512-ltBypWdJunkozeLZTQc7hhifymwnHK2bvGnGjI7NB092fuNY91tb7lnZOhPDKs9W9yfDAqjkQ8B0ZUdQkm1M6Q==",
      "requires": {
        "mkdirp": "~0.5.1"
      }
    }
  }
}
